// !$*UTF8*$!
{
	archiveVersion = 1;
	classes = {
	};
	objectVersion = 77;
	objects = {

/* Begin PBXContainerItemProxy section */
		5A8726FB2EEB4C0E00415B9A /* PBXContainerItemProxy */ = {
			isa = PBXContainerItemProxy;
			containerPortal = 5A8726E22EEB4C0D00415B9A /* Project object */;
			proxyType = 1;
			remoteGlobalIDString = 5A8726E92EEB4C0D00415B9A;
			remoteInfo = Driftly;
		};
		5A8727052EEB4C0E00415B9A /* PBXContainerItemProxy */ = {
			isa = PBXContainerItemProxy;
			containerPortal = 5A8726E22EEB4C0D00415B9A /* Project object */;
			proxyType = 1;
			remoteGlobalIDString = 5A8726E92EEB4C0D00415B9A;
			remoteInfo = Driftly;
		};
		5A9C9B1E2EECB0E300396FFB /* PBXContainerItemProxy */ = {
			isa = PBXContainerItemProxy;
			containerPortal = 5A8726E22EEB4C0D00415B9A /* Project object */;
			proxyType = 1;
			remoteGlobalIDString = 5A9C9B0C2EECB0E200396FFB;
			remoteInfo = DriftlyTV;
		};
		5A9C9B282EECB0E300396FFB /* PBXContainerItemProxy */ = {
			isa = PBXContainerItemProxy;
			containerPortal = 5A8726E22EEB4C0D00415B9A /* Project object */;
			proxyType = 1;
			remoteGlobalIDString = 5A9C9B0C2EECB0E200396FFB;
			remoteInfo = DriftlyTV;
		};
/* End PBXContainerItemProxy section */

/* Begin PBXFileReference section */
		5A8726EA2EEB4C0D00415B9A /* Driftly.app */ = {isa = PBXFileReference; explicitFileType = wrapper.application; includeInIndex = 0; path = Driftly.app; sourceTree = BUILT_PRODUCTS_DIR; };
		5A8726FA2EEB4C0E00415B9A /* DriftlyTests.xctest */ = {isa = PBXFileReference; explicitFileType = wrapper.cfbundle; includeInIndex = 0; path = DriftlyTests.xctest; sourceTree = BUILT_PRODUCTS_DIR; };
		5A8727042EEB4C0E00415B9A /* DriftlyUITests.xctest */ = {isa = PBXFileReference; explicitFileType = wrapper.cfbundle; includeInIndex = 0; path = DriftlyUITests.xctest; sourceTree = BUILT_PRODUCTS_DIR; };
		5A9C9B0D2EECB0E200396FFB /* DriftlyTV.app */ = {isa = PBXFileReference; explicitFileType = wrapper.application; includeInIndex = 0; path = DriftlyTV.app; sourceTree = BUILT_PRODUCTS_DIR; };
		5A9C9B1D2EECB0E300396FFB /* DriftlyTVTests.xctest */ = {isa = PBXFileReference; explicitFileType = wrapper.cfbundle; includeInIndex = 0; path = DriftlyTVTests.xctest; sourceTree = BUILT_PRODUCTS_DIR; };
		5A9C9B272EECB0E300396FFB /* DriftlyTVUITests.xctest */ = {isa = PBXFileReference; explicitFileType = wrapper.cfbundle; includeInIndex = 0; path = DriftlyTVUITests.xctest; sourceTree = BUILT_PRODUCTS_DIR; };
/* End PBXFileReference section */

/* Begin PBXFileSystemSynchronizedBuildFileExceptionSet section */
		5A1BC3FD2EECB6F500DDCACC /* Exceptions for "Driftly" folder in "DriftlyTV" target */ = {
			isa = PBXFileSystemSynchronizedBuildFileExceptionSet;
			membershipExceptions = (
				Info.plist,
			);
			target = 5A9C9B0C2EECB0E200396FFB /* DriftlyTV */;
		};
		5A87270C2EEB4C0E00415B9A /* Exceptions for "Driftly" folder in "Driftly" target */ = {
			isa = PBXFileSystemSynchronizedBuildFileExceptionSet;
			membershipExceptions = (
				Info.plist,
			);
			target = 5A8726E92EEB4C0D00415B9A /* Driftly */;
		};
		5ACAB6A92EECBA770042DEAE /* Exceptions for "DriftlyTV" folder in "DriftlyTV" target */ = {
			isa = PBXFileSystemSynchronizedBuildFileExceptionSet;
			membershipExceptions = (
				"AppInfo-tvOS.plist",
			);
			target = 5A9C9B0C2EECB0E200396FFB /* DriftlyTV */;
		};
/* End PBXFileSystemSynchronizedBuildFileExceptionSet section */

/* Begin PBXFileSystemSynchronizedRootGroup section */
		5A8726EC2EEB4C0D00415B9A /* Driftly */ = {
			isa = PBXFileSystemSynchronizedRootGroup;
			exceptions = (
				5A87270C2EEB4C0E00415B9A /* Exceptions for "Driftly" folder in "Driftly" target */,
				5A1BC3FD2EECB6F500DDCACC /* Exceptions for "Driftly" folder in "DriftlyTV" target */,
			);
			path = Driftly;
			sourceTree = "<group>";
		};
		5A8726FD2EEB4C0E00415B9A /* DriftlyTests */ = {
			isa = PBXFileSystemSynchronizedRootGroup;
			path = DriftlyTests;
			sourceTree = "<group>";
		};
		5A8727072EEB4C0E00415B9A /* DriftlyUITests */ = {
			isa = PBXFileSystemSynchronizedRootGroup;
			path = DriftlyUITests;
			sourceTree = "<group>";
		};
		5A9C9B0E2EECB0E200396FFB /* DriftlyTV */ = {
			isa = PBXFileSystemSynchronizedRootGroup;
			exceptions = (
				5ACAB6A92EECBA770042DEAE /* Exceptions for "DriftlyTV" folder in "DriftlyTV" target */,
			);
			path = DriftlyTV;
			sourceTree = "<group>";
		};
		5A9C9B202EECB0E300396FFB /* DriftlyTVTests */ = {
			isa = PBXFileSystemSynchronizedRootGroup;
			path = DriftlyTVTests;
			sourceTree = "<group>";
		};
		5A9C9B2A2EECB0E300396FFB /* DriftlyTVUITests */ = {
			isa = PBXFileSystemSynchronizedRootGroup;
			path = DriftlyTVUITests;
			sourceTree = "<group>";
		};
/* End PBXFileSystemSynchronizedRootGroup section */

/* Begin PBXFrameworksBuildPhase section */
		5A8726E72EEB4C0D00415B9A /* Frameworks */ = {
			isa = PBXFrameworksBuildPhase;
			buildActionMask = 2147483647;
			files = (
			);
			runOnlyForDeploymentPostprocessing = 0;
		};
		5A8726F72EEB4C0E00415B9A /* Frameworks */ = {
			isa = PBXFrameworksBuildPhase;
			buildActionMask = 2147483647;
			files = (
			);
			runOnlyForDeploymentPostprocessing = 0;
		};
		5A8727012EEB4C0E00415B9A /* Frameworks */ = {
			isa = PBXFrameworksBuildPhase;
			buildActionMask = 2147483647;
			files = (
			);
			runOnlyForDeploymentPostprocessing = 0;
		};
		5A9C9B0A2EECB0E200396FFB /* Frameworks */ = {
			isa = PBXFrameworksBuildPhase;
			buildActionMask = 2147483647;
			files = (
			);
			runOnlyForDeploymentPostprocessing = 0;
		};
		5A9C9B1A2EECB0E300396FFB /* Frameworks */ = {
			isa = PBXFrameworksBuildPhase;
			buildActionMask = 2147483647;
			files = (
			);
			runOnlyForDeploymentPostprocessing = 0;
		};
		5A9C9B242EECB0E300396FFB /* Frameworks */ = {
			isa = PBXFrameworksBuildPhase;
			buildActionMask = 2147483647;
			files = (
			);
			runOnlyForDeploymentPostprocessing = 0;
		};
/* End PBXFrameworksBuildPhase section */

/* Begin PBXGroup section */
		5A8726E12EEB4C0D00415B9A = {
			isa = PBXGroup;
			children = (
				5A8726EC2EEB4C0D00415B9A /* Driftly */,
				5A8726FD2EEB4C0E00415B9A /* DriftlyTests */,
				5A8727072EEB4C0E00415B9A /* DriftlyUITests */,
				5A9C9B0E2EECB0E200396FFB /* DriftlyTV */,
				5A9C9B202EECB0E300396FFB /* DriftlyTVTests */,
				5A9C9B2A2EECB0E300396FFB /* DriftlyTVUITests */,
				5A8726EB2EEB4C0D00415B9A /* Products */,
			);
			sourceTree = "<group>";
		};
		5A8726EB2EEB4C0D00415B9A /* Products */ = {
			isa = PBXGroup;
			children = (
				5A8726EA2EEB4C0D00415B9A /* Driftly.app */,
				5A8726FA2EEB4C0E00415B9A /* DriftlyTests.xctest */,
				5A8727042EEB4C0E00415B9A /* DriftlyUITests.xctest */,
				5A9C9B0D2EECB0E200396FFB /* DriftlyTV.app */,
				5A9C9B1D2EECB0E300396FFB /* DriftlyTVTests.xctest */,
				5A9C9B272EECB0E300396FFB /* DriftlyTVUITests.xctest */,
			);
			name = Products;
			sourceTree = "<group>";
		};
/* End PBXGroup section */

/* Begin PBXNativeTarget section */
		5A8726E92EEB4C0D00415B9A /* Driftly */ = {
			isa = PBXNativeTarget;
			buildConfigurationList = 5A87270D2EEB4C0E00415B9A /* Build configuration list for PBXNativeTarget "Driftly" */;
			buildPhases = (
				5A8726E62EEB4C0D00415B9A /* Sources */,
				5A8726E72EEB4C0D00415B9A /* Frameworks */,
				5A8726E82EEB4C0D00415B9A /* Resources */,
			);
			buildRules = (
			);
			dependencies = (
			);
			fileSystemSynchronizedGroups = (
				5A8726EC2EEB4C0D00415B9A /* Driftly */,
			);
			name = Driftly;
			packageProductDependencies = (
			);
			productName = Driftly;
			productReference = 5A8726EA2EEB4C0D00415B9A /* Driftly.app */;
			productType = "com.apple.product-type.application";
		};
		5A8726F92EEB4C0E00415B9A /* DriftlyTests */ = {
			isa = PBXNativeTarget;
			buildConfigurationList = 5A8727122EEB4C0E00415B9A /* Build configuration list for PBXNativeTarget "DriftlyTests" */;
			buildPhases = (
				5A8726F62EEB4C0E00415B9A /* Sources */,
				5A8726F72EEB4C0E00415B9A /* Frameworks */,
				5A8726F82EEB4C0E00415B9A /* Resources */,
			);
			buildRules = (
			);
			dependencies = (
				5A8726FC2EEB4C0E00415B9A /* PBXTargetDependency */,
			);
			fileSystemSynchronizedGroups = (
				5A8726FD2EEB4C0E00415B9A /* DriftlyTests */,
			);
			name = DriftlyTests;
			packageProductDependencies = (
			);
			productName = DriftlyTests;
			productReference = 5A8726FA2EEB4C0E00415B9A /* DriftlyTests.xctest */;
			productType = "com.apple.product-type.bundle.unit-test";
		};
		5A8727032EEB4C0E00415B9A /* DriftlyUITests */ = {
			isa = PBXNativeTarget;
			buildConfigurationList = 5A8727152EEB4C0E00415B9A /* Build configuration list for PBXNativeTarget "DriftlyUITests" */;
			buildPhases = (
				5A8727002EEB4C0E00415B9A /* Sources */,
				5A8727012EEB4C0E00415B9A /* Frameworks */,
				5A8727022EEB4C0E00415B9A /* Resources */,
			);
			buildRules = (
			);
			dependencies = (
				5A8727062EEB4C0E00415B9A /* PBXTargetDependency */,
			);
			fileSystemSynchronizedGroups = (
				5A8727072EEB4C0E00415B9A /* DriftlyUITests */,
			);
			name = DriftlyUITests;
			packageProductDependencies = (
			);
			productName = DriftlyUITests;
			productReference = 5A8727042EEB4C0E00415B9A /* DriftlyUITests.xctest */;
			productType = "com.apple.product-type.bundle.ui-testing";
		};
		5A9C9B0C2EECB0E200396FFB /* DriftlyTV */ = {
			isa = PBXNativeTarget;
			buildConfigurationList = 5A9C9B302EECB0E300396FFB /* Build configuration list for PBXNativeTarget "DriftlyTV" */;
			buildPhases = (
				5A9C9B092EECB0E200396FFB /* Sources */,
				5A9C9B0A2EECB0E200396FFB /* Frameworks */,
				5A9C9B0B2EECB0E200396FFB /* Resources */,
			);
			buildRules = (
			);
			dependencies = (
			);
			fileSystemSynchronizedGroups = (
				5A8726EC2EEB4C0D00415B9A /* Driftly */,
				5A9C9B0E2EECB0E200396FFB /* DriftlyTV */,
			);
			name = DriftlyTV;
			packageProductDependencies = (
			);
			productName = DriftlyTV;
			productReference = 5A9C9B0D2EECB0E200396FFB /* DriftlyTV.app */;
			productType = "com.apple.product-type.application";
		};
		5A9C9B1C2EECB0E300396FFB /* DriftlyTVTests */ = {
			isa = PBXNativeTarget;
			buildConfigurationList = 5A9C9B332EECB0E300396FFB /* Build configuration list for PBXNativeTarget "DriftlyTVTests" */;
			buildPhases = (
				5A9C9B192EECB0E300396FFB /* Sources */,
				5A9C9B1A2EECB0E300396FFB /* Frameworks */,
				5A9C9B1B2EECB0E300396FFB /* Resources */,
			);
			buildRules = (
			);
			dependencies = (
				5A9C9B1F2EECB0E300396FFB /* PBXTargetDependency */,
			);
			fileSystemSynchronizedGroups = (
				5A9C9B202EECB0E300396FFB /* DriftlyTVTests */,
			);
			name = DriftlyTVTests;
			packageProductDependencies = (
			);
			productName = DriftlyTVTests;
			productReference = 5A9C9B1D2EECB0E300396FFB /* DriftlyTVTests.xctest */;
			productType = "com.apple.product-type.bundle.unit-test";
		};
		5A9C9B262EECB0E300396FFB /* DriftlyTVUITests */ = {
			isa = PBXNativeTarget;
			buildConfigurationList = 5A9C9B362EECB0E300396FFB /* Build configuration list for PBXNativeTarget "DriftlyTVUITests" */;
			buildPhases = (
				5A9C9B232EECB0E300396FFB /* Sources */,
				5A9C9B242EECB0E300396FFB /* Frameworks */,
				5A9C9B252EECB0E300396FFB /* Resources */,
			);
			buildRules = (
			);
			dependencies = (
				5A9C9B292EECB0E300396FFB /* PBXTargetDependency */,
			);
			fileSystemSynchronizedGroups = (
				5A9C9B2A2EECB0E300396FFB /* DriftlyTVUITests */,
			);
			name = DriftlyTVUITests;
			packageProductDependencies = (
			);
			productName = DriftlyTVUITests;
			productReference = 5A9C9B272EECB0E300396FFB /* DriftlyTVUITests.xctest */;
			productType = "com.apple.product-type.bundle.ui-testing";
		};
/* End PBXNativeTarget section */

/* Begin PBXProject section */
		5A8726E22EEB4C0D00415B9A /* Project object */ = {
			isa = PBXProject;
			attributes = {
				BuildIndependentTargetsInParallel = 1;
				LastSwiftUpdateCheck = 2610;
				LastUpgradeCheck = 2620;
				TargetAttributes = {
					5A8726E92EEB4C0D00415B9A = {
						CreatedOnToolsVersion = 26.1.1;
					};
					5A8726F92EEB4C0E00415B9A = {
						CreatedOnToolsVersion = 26.1.1;
						TestTargetID = 5A8726E92EEB4C0D00415B9A;
					};
					5A8727032EEB4C0E00415B9A = {
						CreatedOnToolsVersion = 26.1.1;
						TestTargetID = 5A8726E92EEB4C0D00415B9A;
					};
					5A9C9B0C2EECB0E200396FFB = {
						CreatedOnToolsVersion = 26.1.1;
					};
					5A9C9B1C2EECB0E300396FFB = {
						CreatedOnToolsVersion = 26.1.1;
						TestTargetID = 5A9C9B0C2EECB0E200396FFB;
					};
					5A9C9B262EECB0E300396FFB = {
						CreatedOnToolsVersion = 26.1.1;
						TestTargetID = 5A9C9B0C2EECB0E200396FFB;
					};
				};
			};
			buildConfigurationList = 5A8726E52EEB4C0D00415B9A /* Build configuration list for PBXProject "Driftly" */;
			developmentRegion = en;
			hasScannedForEncodings = 0;
			knownRegions = (
				en,
				Base,
			);
			mainGroup = 5A8726E12EEB4C0D00415B9A;
			minimizedProjectReferenceProxies = 1;
			preferredProjectObjectVersion = 77;
			productRefGroup = 5A8726EB2EEB4C0D00415B9A /* Products */;
			projectDirPath = "";
			projectRoot = "";
			targets = (
				5A8726E92EEB4C0D00415B9A /* Driftly */,
				5A8726F92EEB4C0E00415B9A /* DriftlyTests */,
				5A8727032EEB4C0E00415B9A /* DriftlyUITests */,
				5A9C9B0C2EECB0E200396FFB /* DriftlyTV */,
				5A9C9B1C2EECB0E300396FFB /* DriftlyTVTests */,
				5A9C9B262EECB0E300396FFB /* DriftlyTVUITests */,
			);
		};
/* End PBXProject section */

/* Begin PBXResourcesBuildPhase section */
		5A8726E82EEB4C0D00415B9A /* Resources */ = {
			isa = PBXResourcesBuildPhase;
			buildActionMask = 2147483647;
			files = (
			);
			runOnlyForDeploymentPostprocessing = 0;
		};
		5A8726F82EEB4C0E00415B9A /* Resources */ = {
			isa = PBXResourcesBuildPhase;
			buildActionMask = 2147483647;
			files = (
			);
			runOnlyForDeploymentPostprocessing = 0;
		};
		5A8727022EEB4C0E00415B9A /* Resources */ = {
			isa = PBXResourcesBuildPhase;
			buildActionMask = 2147483647;
			files = (
			);
			runOnlyForDeploymentPostprocessing = 0;
		};
		5A9C9B0B2EECB0E200396FFB /* Resources */ = {
			isa = PBXResourcesBuildPhase;
			buildActionMask = 2147483647;
			files = (
			);
			runOnlyForDeploymentPostprocessing = 0;
		};
		5A9C9B1B2EECB0E300396FFB /* Resources */ = {
			isa = PBXResourcesBuildPhase;
			buildActionMask = 2147483647;
			files = (
			);
			runOnlyForDeploymentPostprocessing = 0;
		};
		5A9C9B252EECB0E300396FFB /* Resources */ = {
			isa = PBXResourcesBuildPhase;
			buildActionMask = 2147483647;
			files = (
			);
			runOnlyForDeploymentPostprocessing = 0;
		};
/* End PBXResourcesBuildPhase section */

/* Begin PBXSourcesBuildPhase section */
		5A8726E62EEB4C0D00415B9A /* Sources */ = {
			isa = PBXSourcesBuildPhase;
			buildActionMask = 2147483647;
			files = (
			);
			runOnlyForDeploymentPostprocessing = 0;
		};
		5A8726F62EEB4C0E00415B9A /* Sources */ = {
			isa = PBXSourcesBuildPhase;
			buildActionMask = 2147483647;
			files = (
			);
			runOnlyForDeploymentPostprocessing = 0;
		};
		5A8727002EEB4C0E00415B9A /* Sources */ = {
			isa = PBXSourcesBuildPhase;
			buildActionMask = 2147483647;
			files = (
			);
			runOnlyForDeploymentPostprocessing = 0;
		};
		5A9C9B092EECB0E200396FFB /* Sources */ = {
			isa = PBXSourcesBuildPhase;
			buildActionMask = 2147483647;
			files = (
			);
			runOnlyForDeploymentPostprocessing = 0;
		};
		5A9C9B192EECB0E300396FFB /* Sources */ = {
			isa = PBXSourcesBuildPhase;
			buildActionMask = 2147483647;
			files = (
			);
			runOnlyForDeploymentPostprocessing = 0;
		};
		5A9C9B232EECB0E300396FFB /* Sources */ = {
			isa = PBXSourcesBuildPhase;
			buildActionMask = 2147483647;
			files = (
			);
			runOnlyForDeploymentPostprocessing = 0;
		};
/* End PBXSourcesBuildPhase section */

/* Begin PBXTargetDependency section */
		5A8726FC2EEB4C0E00415B9A /* PBXTargetDependency */ = {
			isa = PBXTargetDependency;
			target = 5A8726E92EEB4C0D00415B9A /* Driftly */;
			targetProxy = 5A8726FB2EEB4C0E00415B9A /* PBXContainerItemProxy */;
		};
		5A8727062EEB4C0E00415B9A /* PBXTargetDependency */ = {
			isa = PBXTargetDependency;
			target = 5A8726E92EEB4C0D00415B9A /* Driftly */;
			targetProxy = 5A8727052EEB4C0E00415B9A /* PBXContainerItemProxy */;
		};
		5A9C9B1F2EECB0E300396FFB /* PBXTargetDependency */ = {
			isa = PBXTargetDependency;
			target = 5A9C9B0C2EECB0E200396FFB /* DriftlyTV */;
			targetProxy = 5A9C9B1E2EECB0E300396FFB /* PBXContainerItemProxy */;
		};
		5A9C9B292EECB0E300396FFB /* PBXTargetDependency */ = {
			isa = PBXTargetDependency;
			target = 5A9C9B0C2EECB0E200396FFB /* DriftlyTV */;
			targetProxy = 5A9C9B282EECB0E300396FFB /* PBXContainerItemProxy */;
		};
/* End PBXTargetDependency section */

/* Begin XCBuildConfiguration section */
		5A87270E2EEB4C0E00415B9A /* Debug */ = {
			isa = XCBuildConfiguration;
			buildSettings = {
				ASSETCATALOG_COMPILER_APPICON_NAME = AppIcon;
				ASSETCATALOG_COMPILER_GLOBAL_ACCENT_COLOR_NAME = AccentColor;
				CODE_SIGN_ENTITLEMENTS = Driftly/Driftly.entitlements;
				CODE_SIGN_STYLE = Automatic;
				CURRENT_PROJECT_VERSION = 1;
				DEVELOPMENT_TEAM = H7LG8SK72M;
				ENABLE_PREVIEWS = YES;
				GENERATE_INFOPLIST_FILE = YES;
				INFOPLIST_FILE = Driftly/Info.plist;
				INFOPLIST_KEY_CFBundleDisplayName = Driftly;
				INFOPLIST_KEY_LSApplicationCategoryType = "public.app-category.entertainment";
				INFOPLIST_KEY_UIApplicationSceneManifest_Generation = YES;
				INFOPLIST_KEY_UIApplicationSupportsIndirectInputEvents = YES;
				INFOPLIST_KEY_UILaunchScreen_Generation = YES;
				INFOPLIST_KEY_UISupportedInterfaceOrientations_iPad = "UIInterfaceOrientationPortrait UIInterfaceOrientationPortraitUpsideDown UIInterfaceOrientationLandscapeLeft UIInterfaceOrientationLandscapeRight";
				INFOPLIST_KEY_UISupportedInterfaceOrientations_iPhone = "UIInterfaceOrientationPortrait UIInterfaceOrientationLandscapeLeft UIInterfaceOrientationLandscapeRight";
				INFOPLIST_KEY_UISupportsDocumentBrowser = YES;
				LD_RUNPATH_SEARCH_PATHS = (
					"$(inherited)",
					"@executable_path/Frameworks",
				);
				MARKETING_VERSION = 1.1.3;
				PRODUCT_BUNDLE_IDENTIFIER = dn.Driftly;
				PRODUCT_NAME = "$(TARGET_NAME)";
				STRING_CATALOG_GENERATE_SYMBOLS = YES;
				SUPPORTED_PLATFORMS = "iphoneos iphonesimulator";
				SUPPORTS_MACCATALYST = NO;
				SUPPORTS_MAC_DESIGNED_FOR_IPHONE_IPAD = NO;
				SUPPORTS_XR_DESIGNED_FOR_IPHONE_IPAD = NO;
				SWIFT_APPROACHABLE_CONCURRENCY = YES;
				SWIFT_DEFAULT_ACTOR_ISOLATION = MainActor;
				SWIFT_EMIT_LOC_STRINGS = YES;
				SWIFT_UPCOMING_FEATURE_MEMBER_IMPORT_VISIBILITY = YES;
				SWIFT_VERSION = 5.0;
				TARGETED_DEVICE_FAMILY = "1,2";
			};
			name = Debug;
		};
		5A87270F2EEB4C0E00415B9A /* Release */ = {
			isa = XCBuildConfiguration;
			buildSettings = {
				ASSETCATALOG_COMPILER_APPICON_NAME = AppIcon;
				ASSETCATALOG_COMPILER_GLOBAL_ACCENT_COLOR_NAME = AccentColor;
				CODE_SIGN_ENTITLEMENTS = Driftly/Driftly.entitlements;
				CODE_SIGN_STYLE = Automatic;
				CURRENT_PROJECT_VERSION = 1;
				DEVELOPMENT_TEAM = H7LG8SK72M;
				ENABLE_PREVIEWS = YES;
				GENERATE_INFOPLIST_FILE = YES;
				INFOPLIST_FILE = Driftly/Info.plist;
				INFOPLIST_KEY_CFBundleDisplayName = Driftly;
				INFOPLIST_KEY_LSApplicationCategoryType = "public.app-category.entertainment";
				INFOPLIST_KEY_UIApplicationSceneManifest_Generation = YES;
				INFOPLIST_KEY_UIApplicationSupportsIndirectInputEvents = YES;
				INFOPLIST_KEY_UILaunchScreen_Generation = YES;
				INFOPLIST_KEY_UISupportedInterfaceOrientations_iPad = "UIInterfaceOrientationPortrait UIInterfaceOrientationPortraitUpsideDown UIInterfaceOrientationLandscapeLeft UIInterfaceOrientationLandscapeRight";
				INFOPLIST_KEY_UISupportedInterfaceOrientations_iPhone = "UIInterfaceOrientationPortrait UIInterfaceOrientationLandscapeLeft UIInterfaceOrientationLandscapeRight";
				INFOPLIST_KEY_UISupportsDocumentBrowser = YES;
				LD_RUNPATH_SEARCH_PATHS = (
					"$(inherited)",
					"@executable_path/Frameworks",
				);
				MARKETING_VERSION = 1.1.3;
				PRODUCT_BUNDLE_IDENTIFIER = dn.Driftly;
				PRODUCT_NAME = "$(TARGET_NAME)";
				STRING_CATALOG_GENERATE_SYMBOLS = YES;
				SUPPORTED_PLATFORMS = "iphoneos iphonesimulator";
				SUPPORTS_MACCATALYST = NO;
				SUPPORTS_MAC_DESIGNED_FOR_IPHONE_IPAD = NO;
				SUPPORTS_XR_DESIGNED_FOR_IPHONE_IPAD = NO;
				SWIFT_APPROACHABLE_CONCURRENCY = YES;
				SWIFT_DEFAULT_ACTOR_ISOLATION = MainActor;
				SWIFT_EMIT_LOC_STRINGS = YES;
				SWIFT_UPCOMING_FEATURE_MEMBER_IMPORT_VISIBILITY = YES;
				SWIFT_VERSION = 5.0;
				TARGETED_DEVICE_FAMILY = "1,2";
			};
			name = Release;
		};
		5A8727102EEB4C0E00415B9A /* Debug */ = {
			isa = XCBuildConfiguration;
			buildSettings = {
				ALWAYS_SEARCH_USER_PATHS = NO;
				ASSETCATALOG_COMPILER_GENERATE_SWIFT_ASSET_SYMBOL_EXTENSIONS = YES;
				CLANG_ANALYZER_NONNULL = YES;
				CLANG_ANALYZER_NUMBER_OBJECT_CONVERSION = YES_AGGRESSIVE;
				CLANG_CXX_LANGUAGE_STANDARD = "gnu++20";
				CLANG_ENABLE_MODULES = YES;
				CLANG_ENABLE_OBJC_ARC = YES;
				CLANG_ENABLE_OBJC_WEAK = YES;
				CLANG_WARN_BLOCK_CAPTURE_AUTORELEASING = YES;
				CLANG_WARN_BOOL_CONVERSION = YES;
				CLANG_WARN_COMMA = YES;
				CLANG_WARN_CONSTANT_CONVERSION = YES;
				CLANG_WARN_DEPRECATED_OBJC_IMPLEMENTATIONS = YES;
				CLANG_WARN_DIRECT_OBJC_ISA_USAGE = YES_ERROR;
				CLANG_WARN_DOCUMENTATION_COMMENTS = YES;
				CLANG_WARN_EMPTY_BODY = YES;
				CLANG_WARN_ENUM_CONVERSION = YES;
				CLANG_WARN_INFINITE_RECURSION = YES;
				CLANG_WARN_INT_CONVERSION = YES;
				CLANG_WARN_NON_LITERAL_NULL_CONVERSION = YES;
				CLANG_WARN_OBJC_IMPLICIT_RETAIN_SELF = YES;
				CLANG_WARN_OBJC_LITERAL_CONVERSION = YES;
				CLANG_WARN_OBJC_ROOT_CLASS = YES_ERROR;
				CLANG_WARN_QUOTED_INCLUDE_IN_FRAMEWORK_HEADER = YES;
				CLANG_WARN_RANGE_LOOP_ANALYSIS = YES;
				CLANG_WARN_STRICT_PROTOTYPES = YES;
				CLANG_WARN_SUSPICIOUS_MOVE = YES;
				CLANG_WARN_UNGUARDED_AVAILABILITY = YES_AGGRESSIVE;
				CLANG_WARN_UNREACHABLE_CODE = YES;
				CLANG_WARN__DUPLICATE_METHOD_MATCH = YES;
				COPY_PHASE_STRIP = NO;
				DEBUG_INFORMATION_FORMAT = dwarf;
				DEVELOPMENT_TEAM = H7LG8SK72M;
				ENABLE_STRICT_OBJC_MSGSEND = YES;
				ENABLE_TESTABILITY = YES;
				ENABLE_USER_SCRIPT_SANDBOXING = YES;
				GCC_C_LANGUAGE_STANDARD = gnu17;
				GCC_DYNAMIC_NO_PIC = NO;
				GCC_NO_COMMON_BLOCKS = YES;
				GCC_OPTIMIZATION_LEVEL = 0;
				GCC_PREPROCESSOR_DEFINITIONS = (
					"DEBUG=1",
					"$(inherited)",
				);
				GCC_WARN_64_TO_32_BIT_CONVERSION = YES;
				GCC_WARN_ABOUT_RETURN_TYPE = YES_ERROR;
				GCC_WARN_UNDECLARED_SELECTOR = YES;
				GCC_WARN_UNINITIALIZED_AUTOS = YES_AGGRESSIVE;
				GCC_WARN_UNUSED_FUNCTION = YES;
				GCC_WARN_UNUSED_VARIABLE = YES;
				IPHONEOS_DEPLOYMENT_TARGET = 26.1;
				LOCALIZATION_PREFERS_STRING_CATALOGS = YES;
				MTL_ENABLE_DEBUG_INFO = INCLUDE_SOURCE;
				MTL_FAST_MATH = YES;
				ONLY_ACTIVE_ARCH = YES;
				SDKROOT = iphoneos;
				STRING_CATALOG_GENERATE_SYMBOLS = YES;
				SWIFT_ACTIVE_COMPILATION_CONDITIONS = "DEBUG $(inherited)";
				SWIFT_OPTIMIZATION_LEVEL = "-Onone";
			};
			name = Debug;
		};
		5A8727112EEB4C0E00415B9A /* Release */ = {
			isa = XCBuildConfiguration;
			buildSettings = {
				ALWAYS_SEARCH_USER_PATHS = NO;
				ASSETCATALOG_COMPILER_GENERATE_SWIFT_ASSET_SYMBOL_EXTENSIONS = YES;
				CLANG_ANALYZER_NONNULL = YES;
				CLANG_ANALYZER_NUMBER_OBJECT_CONVERSION = YES_AGGRESSIVE;
				CLANG_CXX_LANGUAGE_STANDARD = "gnu++20";
				CLANG_ENABLE_MODULES = YES;
				CLANG_ENABLE_OBJC_ARC = YES;
				CLANG_ENABLE_OBJC_WEAK = YES;
				CLANG_WARN_BLOCK_CAPTURE_AUTORELEASING = YES;
				CLANG_WARN_BOOL_CONVERSION = YES;
				CLANG_WARN_COMMA = YES;
				CLANG_WARN_CONSTANT_CONVERSION = YES;
				CLANG_WARN_DEPRECATED_OBJC_IMPLEMENTATIONS = YES;
				CLANG_WARN_DIRECT_OBJC_ISA_USAGE = YES_ERROR;
				CLANG_WARN_DOCUMENTATION_COMMENTS = YES;
				CLANG_WARN_EMPTY_BODY = YES;
				CLANG_WARN_ENUM_CONVERSION = YES;
				CLANG_WARN_INFINITE_RECURSION = YES;
				CLANG_WARN_INT_CONVERSION = YES;
				CLANG_WARN_NON_LITERAL_NULL_CONVERSION = YES;
				CLANG_WARN_OBJC_IMPLICIT_RETAIN_SELF = YES;
				CLANG_WARN_OBJC_LITERAL_CONVERSION = YES;
				CLANG_WARN_OBJC_ROOT_CLASS = YES_ERROR;
				CLANG_WARN_QUOTED_INCLUDE_IN_FRAMEWORK_HEADER = YES;
				CLANG_WARN_RANGE_LOOP_ANALYSIS = YES;
				CLANG_WARN_STRICT_PROTOTYPES = YES;
				CLANG_WARN_SUSPICIOUS_MOVE = YES;
				CLANG_WARN_UNGUARDED_AVAILABILITY = YES_AGGRESSIVE;
				CLANG_WARN_UNREACHABLE_CODE = YES;
				CLANG_WARN__DUPLICATE_METHOD_MATCH = YES;
				COPY_PHASE_STRIP = NO;
				DEBUG_INFORMATION_FORMAT = "dwarf-with-dsym";
				DEVELOPMENT_TEAM = H7LG8SK72M;
				ENABLE_NS_ASSERTIONS = NO;
				ENABLE_STRICT_OBJC_MSGSEND = YES;
				ENABLE_USER_SCRIPT_SANDBOXING = YES;
				GCC_C_LANGUAGE_STANDARD = gnu17;
				GCC_NO_COMMON_BLOCKS = YES;
				GCC_WARN_64_TO_32_BIT_CONVERSION = YES;
				GCC_WARN_ABOUT_RETURN_TYPE = YES_ERROR;
				GCC_WARN_UNDECLARED_SELECTOR = YES;
				GCC_WARN_UNINITIALIZED_AUTOS = YES_AGGRESSIVE;
				GCC_WARN_UNUSED_FUNCTION = YES;
				GCC_WARN_UNUSED_VARIABLE = YES;
				IPHONEOS_DEPLOYMENT_TARGET = 26.1;
				LOCALIZATION_PREFERS_STRING_CATALOGS = YES;
				MTL_ENABLE_DEBUG_INFO = NO;
				MTL_FAST_MATH = YES;
				SDKROOT = iphoneos;
				STRING_CATALOG_GENERATE_SYMBOLS = YES;
				SWIFT_COMPILATION_MODE = wholemodule;
				VALIDATE_PRODUCT = YES;
			};
			name = Release;
		};
		5A8727132EEB4C0E00415B9A /* Debug */ = {
			isa = XCBuildConfiguration;
			buildSettings = {
				BUNDLE_LOADER = "$(TEST_HOST)";
				CODE_SIGN_STYLE = Automatic;
				CURRENT_PROJECT_VERSION = 1;
				DEVELOPMENT_TEAM = H7LG8SK72M;
				GENERATE_INFOPLIST_FILE = YES;
				IPHONEOS_DEPLOYMENT_TARGET = 26.1;
				MARKETING_VERSION = 1.0;
				PRODUCT_BUNDLE_IDENTIFIER = dn.DriftlyTests;
				PRODUCT_NAME = "$(TARGET_NAME)";
				STRING_CATALOG_GENERATE_SYMBOLS = NO;
				SUPPORTED_PLATFORMS = "iphoneos iphonesimulator";
				SUPPORTS_MACCATALYST = NO;
				SUPPORTS_MAC_DESIGNED_FOR_IPHONE_IPAD = NO;
				SUPPORTS_XR_DESIGNED_FOR_IPHONE_IPAD = NO;
				SWIFT_APPROACHABLE_CONCURRENCY = YES;
				SWIFT_EMIT_LOC_STRINGS = NO;
				SWIFT_UPCOMING_FEATURE_MEMBER_IMPORT_VISIBILITY = YES;
				SWIFT_VERSION = 5.0;
				TARGETED_DEVICE_FAMILY = "1,2";
				TEST_HOST = "$(BUILT_PRODUCTS_DIR)/Driftly.app/$(BUNDLE_EXECUTABLE_FOLDER_PATH)/Driftly";
			};
			name = Debug;
		};
		5A8727142EEB4C0E00415B9A /* Release */ = {
			isa = XCBuildConfiguration;
			buildSettings = {
				BUNDLE_LOADER = "$(TEST_HOST)";
				CODE_SIGN_STYLE = Automatic;
				CURRENT_PROJECT_VERSION = 1;
				DEVELOPMENT_TEAM = H7LG8SK72M;
				GENERATE_INFOPLIST_FILE = YES;
				IPHONEOS_DEPLOYMENT_TARGET = 26.1;
				MARKETING_VERSION = 1.0;
				PRODUCT_BUNDLE_IDENTIFIER = dn.DriftlyTests;
				PRODUCT_NAME = "$(TARGET_NAME)";
				STRING_CATALOG_GENERATE_SYMBOLS = NO;
				SUPPORTED_PLATFORMS = "iphoneos iphonesimulator";
				SUPPORTS_MACCATALYST = NO;
				SUPPORTS_MAC_DESIGNED_FOR_IPHONE_IPAD = NO;
				SUPPORTS_XR_DESIGNED_FOR_IPHONE_IPAD = NO;
				SWIFT_APPROACHABLE_CONCURRENCY = YES;
				SWIFT_EMIT_LOC_STRINGS = NO;
				SWIFT_UPCOMING_FEATURE_MEMBER_IMPORT_VISIBILITY = YES;
				SWIFT_VERSION = 5.0;
				TARGETED_DEVICE_FAMILY = "1,2";
				TEST_HOST = "$(BUILT_PRODUCTS_DIR)/Driftly.app/$(BUNDLE_EXECUTABLE_FOLDER_PATH)/Driftly";
			};
			name = Release;
		};
		5A8727162EEB4C0E00415B9A /* Debug */ = {
			isa = XCBuildConfiguration;
			buildSettings = {
				CODE_SIGN_STYLE = Automatic;
				CURRENT_PROJECT_VERSION = 1;
				DEVELOPMENT_TEAM = H7LG8SK72M;
				GENERATE_INFOPLIST_FILE = YES;
				MARKETING_VERSION = 1.0;
				PRODUCT_BUNDLE_IDENTIFIER = dn.DriftlyUITests;
				PRODUCT_NAME = "$(TARGET_NAME)";
				STRING_CATALOG_GENERATE_SYMBOLS = NO;
				SUPPORTED_PLATFORMS = "iphoneos iphonesimulator";
				SUPPORTS_MACCATALYST = NO;
				SUPPORTS_MAC_DESIGNED_FOR_IPHONE_IPAD = NO;
				SUPPORTS_XR_DESIGNED_FOR_IPHONE_IPAD = NO;
				SWIFT_APPROACHABLE_CONCURRENCY = YES;
				SWIFT_EMIT_LOC_STRINGS = NO;
				SWIFT_UPCOMING_FEATURE_MEMBER_IMPORT_VISIBILITY = YES;
				SWIFT_VERSION = 5.0;
				TARGETED_DEVICE_FAMILY = "1,2";
				TEST_TARGET_NAME = Driftly;
			};
			name = Debug;
		};
		5A8727172EEB4C0E00415B9A /* Release */ = {
			isa = XCBuildConfiguration;
			buildSettings = {
				CODE_SIGN_STYLE = Automatic;
				CURRENT_PROJECT_VERSION = 1;
				DEVELOPMENT_TEAM = H7LG8SK72M;
				GENERATE_INFOPLIST_FILE = YES;
				MARKETING_VERSION = 1.0;
				PRODUCT_BUNDLE_IDENTIFIER = dn.DriftlyUITests;
				PRODUCT_NAME = "$(TARGET_NAME)";
				STRING_CATALOG_GENERATE_SYMBOLS = NO;
				SUPPORTED_PLATFORMS = "iphoneos iphonesimulator";
				SUPPORTS_MACCATALYST = NO;
				SUPPORTS_MAC_DESIGNED_FOR_IPHONE_IPAD = NO;
				SUPPORTS_XR_DESIGNED_FOR_IPHONE_IPAD = NO;
				SWIFT_APPROACHABLE_CONCURRENCY = YES;
				SWIFT_EMIT_LOC_STRINGS = NO;
				SWIFT_UPCOMING_FEATURE_MEMBER_IMPORT_VISIBILITY = YES;
				SWIFT_VERSION = 5.0;
				TARGETED_DEVICE_FAMILY = "1,2";
				TEST_TARGET_NAME = Driftly;
			};
			name = Release;
		};
		5A9C9B312EECB0E300396FFB /* Debug */ = {
			isa = XCBuildConfiguration;
			buildSettings = {
				ASSETCATALOG_COMPILER_APPICON_NAME = "App Icon & Top Shelf Image";
				ASSETCATALOG_COMPILER_GLOBAL_ACCENT_COLOR_NAME = AccentColor;
				CODE_SIGN_ENTITLEMENTS = DriftlyTV/DriftlyTV.entitlements;
				CODE_SIGN_STYLE = Automatic;
				CURRENT_PROJECT_VERSION = 1;
				DEVELOPMENT_TEAM = H7LG8SK72M;
				ENABLE_APP_SANDBOX = YES;
				ENABLE_PREVIEWS = YES;
				ENABLE_USER_SELECTED_FILES = readonly;
				GENERATE_INFOPLIST_FILE = NO;
				INFOPLIST_FILE = "DriftlyTV/AppInfo-tvOS.plist";
				INFOPLIST_KEY_LSApplicationCategoryType = "public.app-category.entertainment";
				INFOPLIST_KEY_UILaunchScreen_Generation = YES;
				INFOPLIST_KEY_UIUserInterfaceStyle = Automatic;
				LD_RUNPATH_SEARCH_PATHS = (
					"$(inherited)",
					"@executable_path/Frameworks",
				);
				MARKETING_VERSION = 1.1.3;
				PRODUCT_BUNDLE_IDENTIFIER = dn.DriftlyTV;
				PRODUCT_NAME = "$(TARGET_NAME)";
				SDKROOT = appletvos;
				STRING_CATALOG_GENERATE_SYMBOLS = YES;
				SWIFT_APPROACHABLE_CONCURRENCY = YES;
				SWIFT_DEFAULT_ACTOR_ISOLATION = MainActor;
				SWIFT_EMIT_LOC_STRINGS = YES;
				SWIFT_UPCOMING_FEATURE_MEMBER_IMPORT_VISIBILITY = YES;
				SWIFT_VERSION = 5.0;
				TARGETED_DEVICE_FAMILY = 3;
				TVOS_DEPLOYMENT_TARGET = 18.0;
			};
			name = Debug;
		};
		5A9C9B322EECB0E300396FFB /* Release */ = {
			isa = XCBuildConfiguration;
			buildSettings = {
				ASSETCATALOG_COMPILER_APPICON_NAME = "App Icon & Top Shelf Image";
				ASSETCATALOG_COMPILER_GLOBAL_ACCENT_COLOR_NAME = AccentColor;
				CODE_SIGN_ENTITLEMENTS = DriftlyTV/DriftlyTV.entitlements;
				CODE_SIGN_STYLE = Automatic;
				CURRENT_PROJECT_VERSION = 1;
				DEVELOPMENT_TEAM = H7LG8SK72M;
				ENABLE_APP_SANDBOX = YES;
				ENABLE_PREVIEWS = YES;
				ENABLE_USER_SELECTED_FILES = readonly;
				GENERATE_INFOPLIST_FILE = NO;
				INFOPLIST_FILE = "DriftlyTV/AppInfo-tvOS.plist";
				INFOPLIST_KEY_LSApplicationCategoryType = "public.app-category.entertainment";
				INFOPLIST_KEY_UILaunchScreen_Generation = YES;
				INFOPLIST_KEY_UIUserInterfaceStyle = Automatic;
				LD_RUNPATH_SEARCH_PATHS = (
					"$(inherited)",
					"@executable_path/Frameworks",
				);
				MARKETING_VERSION = 1.1.3;
				PRODUCT_BUNDLE_IDENTIFIER = dn.DriftlyTV;
				PRODUCT_NAME = "$(TARGET_NAME)";
				SDKROOT = appletvos;
				STRING_CATALOG_GENERATE_SYMBOLS = YES;
				SWIFT_APPROACHABLE_CONCURRENCY = YES;
				SWIFT_DEFAULT_ACTOR_ISOLATION = MainActor;
				SWIFT_EMIT_LOC_STRINGS = YES;
				SWIFT_UPCOMING_FEATURE_MEMBER_IMPORT_VISIBILITY = YES;
				SWIFT_VERSION = 5.0;
				TARGETED_DEVICE_FAMILY = 3;
				TVOS_DEPLOYMENT_TARGET = 18.0;
			};
			name = Release;
		};
		5A9C9B342EECB0E300396FFB /* Debug */ = {
			isa = XCBuildConfiguration;
			buildSettings = {
				BUNDLE_LOADER = "$(TEST_HOST)";
				CODE_SIGN_STYLE = Automatic;
				CURRENT_PROJECT_VERSION = 1;
				DEVELOPMENT_TEAM = H7LG8SK72M;
				GENERATE_INFOPLIST_FILE = YES;
				MARKETING_VERSION = 1.0;
				PRODUCT_BUNDLE_IDENTIFIER = dn.DriftlyTVTests;
				PRODUCT_NAME = "$(TARGET_NAME)";
				SDKROOT = appletvos;
				STRING_CATALOG_GENERATE_SYMBOLS = NO;
				SWIFT_APPROACHABLE_CONCURRENCY = YES;
				SWIFT_EMIT_LOC_STRINGS = NO;
				SWIFT_UPCOMING_FEATURE_MEMBER_IMPORT_VISIBILITY = YES;
				SWIFT_VERSION = 5.0;
				TARGETED_DEVICE_FAMILY = 3;
				TEST_HOST = "$(BUILT_PRODUCTS_DIR)/DriftlyTV.app/$(BUNDLE_EXECUTABLE_FOLDER_PATH)/DriftlyTV";
				TVOS_DEPLOYMENT_TARGET = 18.0;
			};
			name = Debug;
		};
		5A9C9B352EECB0E300396FFB /* Release */ = {
			isa = XCBuildConfiguration;
			buildSettings = {
				BUNDLE_LOADER = "$(TEST_HOST)";
				CODE_SIGN_STYLE = Automatic;
				CURRENT_PROJECT_VERSION = 1;
				DEVELOPMENT_TEAM = H7LG8SK72M;
				GENERATE_INFOPLIST_FILE = YES;
				MARKETING_VERSION = 1.0;
				PRODUCT_BUNDLE_IDENTIFIER = dn.DriftlyTVTests;
				PRODUCT_NAME = "$(TARGET_NAME)";
				SDKROOT = appletvos;
				STRING_CATALOG_GENERATE_SYMBOLS = NO;
				SWIFT_APPROACHABLE_CONCURRENCY = YES;
				SWIFT_EMIT_LOC_STRINGS = NO;
				SWIFT_UPCOMING_FEATURE_MEMBER_IMPORT_VISIBILITY = YES;
				SWIFT_VERSION = 5.0;
				TARGETED_DEVICE_FAMILY = 3;
				TEST_HOST = "$(BUILT_PRODUCTS_DIR)/DriftlyTV.app/$(BUNDLE_EXECUTABLE_FOLDER_PATH)/DriftlyTV";
				TVOS_DEPLOYMENT_TARGET = 18.0;
			};
			name = Release;
		};
		5A9C9B372EECB0E300396FFB /* Debug */ = {
			isa = XCBuildConfiguration;
			buildSettings = {
				CODE_SIGN_STYLE = Automatic;
				CURRENT_PROJECT_VERSION = 1;
				DEVELOPMENT_TEAM = H7LG8SK72M;
				GENERATE_INFOPLIST_FILE = YES;
				MARKETING_VERSION = 1.0;
				PRODUCT_BUNDLE_IDENTIFIER = dn.DriftlyTVUITests;
				PRODUCT_NAME = "$(TARGET_NAME)";
				SDKROOT = appletvos;
				STRING_CATALOG_GENERATE_SYMBOLS = NO;
				SWIFT_APPROACHABLE_CONCURRENCY = YES;
				SWIFT_EMIT_LOC_STRINGS = NO;
				SWIFT_UPCOMING_FEATURE_MEMBER_IMPORT_VISIBILITY = YES;
				SWIFT_VERSION = 5.0;
				TARGETED_DEVICE_FAMILY = 3;
				TEST_TARGET_NAME = DriftlyTV;
				TVOS_DEPLOYMENT_TARGET = 18.0;
			};
			name = Debug;
		};
		5A9C9B382EECB0E300396FFB /* Release */ = {
			isa = XCBuildConfiguration;
			buildSettings = {
				CODE_SIGN_STYLE = Automatic;
				CURRENT_PROJECT_VERSION = 1;
				DEVELOPMENT_TEAM = H7LG8SK72M;
				GENERATE_INFOPLIST_FILE = YES;
				MARKETING_VERSION = 1.0;
				PRODUCT_BUNDLE_IDENTIFIER = dn.DriftlyTVUITests;
				PRODUCT_NAME = "$(TARGET_NAME)";
				SDKROOT = appletvos;
				STRING_CATALOG_GENERATE_SYMBOLS = NO;
				SWIFT_APPROACHABLE_CONCURRENCY = YES;
				SWIFT_EMIT_LOC_STRINGS = NO;
				SWIFT_UPCOMING_FEATURE_MEMBER_IMPORT_VISIBILITY = YES;
				SWIFT_VERSION = 5.0;
				TARGETED_DEVICE_FAMILY = 3;
				TEST_TARGET_NAME = DriftlyTV;
				TVOS_DEPLOYMENT_TARGET = 18.0;
			};
			name = Release;
		};
/* End XCBuildConfiguration section */

/* Begin XCConfigurationList section */
		5A8726E52EEB4C0D00415B9A /* Build configuration list for PBXProject "Driftly" */ = {
			isa = XCConfigurationList;
			buildConfigurations = (
				5A8727102EEB4C0E00415B9A /* Debug */,
				5A8727112EEB4C0E00415B9A /* Release */,
			);
			defaultConfigurationIsVisible = 0;
			defaultConfigurationName = Release;
		};
		5A87270D2EEB4C0E00415B9A /* Build configuration list for PBXNativeTarget "Driftly" */ = {
			isa = XCConfigurationList;
			buildConfigurations = (
				5A87270E2EEB4C0E00415B9A /* Debug */,
				5A87270F2EEB4C0E00415B9A /* Release */,
			);
			defaultConfigurationIsVisible = 0;
			defaultConfigurationName = Release;
		};
		5A8727122EEB4C0E00415B9A /* Build configuration list for PBXNativeTarget "DriftlyTests" */ = {
			isa = XCConfigurationList;
			buildConfigurations = (
				5A8727132EEB4C0E00415B9A /* Debug */,
				5A8727142EEB4C0E00415B9A /* Release */,
			);
			defaultConfigurationIsVisible = 0;
			defaultConfigurationName = Release;
		};
		5A8727152EEB4C0E00415B9A /* Build configuration list for PBXNativeTarget "DriftlyUITests" */ = {
			isa = XCConfigurationList;
			buildConfigurations = (
				5A8727162EEB4C0E00415B9A /* Debug */,
				5A8727172EEB4C0E00415B9A /* Release */,
			);
			defaultConfigurationIsVisible = 0;
			defaultConfigurationName = Release;
		};
		5A9C9B302EECB0E300396FFB /* Build configuration list for PBXNativeTarget "DriftlyTV" */ = {
			isa = XCConfigurationList;
			buildConfigurations = (
				5A9C9B312EECB0E300396FFB /* Debug */,
				5A9C9B322EECB0E300396FFB /* Release */,
			);
			defaultConfigurationIsVisible = 0;
			defaultConfigurationName = Release;
		};
		5A9C9B332EECB0E300396FFB /* Build configuration list for PBXNativeTarget "DriftlyTVTests" */ = {
			isa = XCConfigurationList;
			buildConfigurations = (
				5A9C9B342EECB0E300396FFB /* Debug */,
				5A9C9B352EECB0E300396FFB /* Release */,
			);
			defaultConfigurationIsVisible = 0;
			defaultConfigurationName = Release;
		};
		5A9C9B362EECB0E300396FFB /* Build configuration list for PBXNativeTarget "DriftlyTVUITests" */ = {
			isa = XCConfigurationList;
			buildConfigurations = (
				5A9C9B372EECB0E300396FFB /* Debug */,
				5A9C9B382EECB0E300396FFB /* Release */,
			);
			defaultConfigurationIsVisible = 0;
			defaultConfigurationName = Release;
		};
/* End XCConfigurationList section */
	};
	rootObject = 5A8726E22EEB4C0D00415B9A /* Project object */;
}
